
Microsoft Visual Studio Solution File, Format Version 12.00
# Visual Studio Version 17
VisualStudioVersion = 17.10.35013.160
MinimumVisualStudioVersion = 10.0.40219.1
Project("{00D1A9C2-B5F0-4AF3-8072-F6C62B433612}") = "EmbornasBlogDB", "EmbornasBlogDB\EmbornasBlogDB.sqlproj", "{0FCB1184-7ADA-41AB-B34D-91569FA21D2B}"
EndProject
Project("{9A19103F-16F7-4668-BE54-9A1E7A4F7556}") = "BlogDataLibrary", "BlogDataLibrary\BlogDataLibrary.csproj", "{F639CC7E-3B6F-4C6C-ACFF-5776DE170AA0}"
EndProject
Project("{9A19103F-16F7-4668-BE54-9A1E7A4F7556}") = "BlogTestUI", "BlogTestUI\BlogTestUI.csproj", "{D4F5F1DC-390E-4E52-A643-EEB588D78A4E}"
EndProject
Project("{FAE04EC0-301F-11D3-BF4B-00C04F79EFBC}") = "BlogAPI", "BlogAPI\BlogAPI.csproj", "{EB21A324-3652-4631-BFCA-98967CDAAEDB}"
EndProject
Global
	GlobalSection(SolutionConfigurationPlatforms) = preSolution
		Debug|Any CPU = Debug|Any CPU
		Release|Any CPU = Release|Any CPU
	EndGlobalSection
	GlobalSection(ProjectConfigurationPlatforms) = postSolution
		{0FCB1184-7ADA-41AB-B34D-91569FA21D2B}.Debug|Any CPU.ActiveCfg = Debug|Any CPU
		{0FCB1184-7ADA-41AB-B34D-91569FA21D2B}.Debug|Any CPU.Build.0 = Debug|Any CPU
		{0FCB1184-7ADA-41AB-B34D-91569FA21D2B}.Debug|Any CPU.Deploy.0 = Debug|Any CPU
		{0FCB1184-7ADA-41AB-B34D-91569FA21D2B}.Release|Any CPU.ActiveCfg = Release|Any CPU
		{0FCB1184-7ADA-41AB-B34D-91569FA21D2B}.Release|Any CPU.Build.0 = Release|Any CPU
		{0FCB1184-7ADA-41AB-B34D-91569FA21D2B}.Release|Any CPU.Deploy.0 = Release|Any CPU
		{F639CC7E-3B6F-4C6C-ACFF-5776DE170AA0}.Debug|Any CPU.ActiveCfg = Debug|Any CPU
		{F639CC7E-3B6F-4C6C-ACFF-5776DE170AA0}.Debug|Any CPU.Build.0 = Debug|Any CPU
		{F639CC7E-3B6F-4C6C-ACFF-5776DE170AA0}.Release|Any CPU.ActiveCfg = Release|Any CPU
		{F639CC7E-3B6F-4C6C-ACFF-5776DE170AA0}.Release|Any CPU.Build.0 = Release|Any CPU
		{D4F5F1DC-390E-4E52-A643-EEB588D78A4E}.Debug|Any CPU.ActiveCfg = Debug|Any CPU
		{D4F5F1DC-390E-4E52-A643-EEB588D78A4E}.Debug|Any CPU.Build.0 = Debug|Any CPU
		{D4F5F1DC-390E-4E52-A643-EEB588D78A4E}.Release|Any CPU.ActiveCfg = Release|Any CPU
		{D4F5F1DC-390E-4E52-A643-EEB588D78A4E}.Release|Any CPU.Build.0 = Release|Any CPU
		{EB21A324-3652-4631-BFCA-98967CDAAEDB}.Debug|Any CPU.ActiveCfg = Debug|Any CPU
		{EB21A324-3652-4631-BFCA-98967CDAAEDB}.Debug|Any CPU.Build.0 = Debug|Any CPU
		{EB21A324-3652-4631-BFCA-98967CDAAEDB}.Release|Any CPU.ActiveCfg = Release|Any CPU
		{EB21A324-3652-4631-BFCA-98967CDAAEDB}.Release|Any CPU.Build.0 = Release|Any CPU
	EndGlobalSection
	GlobalSection(SolutionProperties) = preSolution
		HideSolutionNode = FALSE
	EndGlobalSection
	GlobalSection(ExtensibilityGlobals) = postSolution
		SolutionGuid = {7936057D-0A1E-44A7-AAB0-124228A100ED}
	EndGlobalSection
EndGlobal
